
Microsoft Visual Studio Solution File, Format Version 12.00
# Visual Studio 15
VisualStudioVersion = 15.0.28307.572
MinimumVisualStudioVersion = 10.0.40219.1
Project("{888888A0-9F3D-457C-B088-3A5042F75D52}") = "Django_Tutorial", "Django_Tutorial\Django_Tutorial.pyproj", "{F0359D0A-BA60-4A5D-9429-0CEE63D1C2C8}"
EndProject
Global
	GlobalSection(SolutionConfigurationPlatforms) = preSolution
		Debug|Any CPU = Debug|Any CPU
		Release|Any CPU = Release|Any CPU
	EndGlobalSection
	GlobalSection(ProjectConfigurationPlatforms) = postSolution
		{F0359D0A-BA60-4A5D-9429-0CEE63D1C2C8}.Debug|Any CPU.ActiveCfg = Debug|Any CPU
		{F0359D0A-BA60-4A5D-9429-0CEE63D1C2C8}.Debug|Any CPU.Build.0 = Debug|Any CPU
		{F0359D0A-BA60-4A5D-9429-0CEE63D1C2C8}.Release|Any CPU.ActiveCfg = Release|Any CPU
		{F0359D0A-BA60-4A5D-9429-0CEE63D1C2C8}.Release|Any CPU.Build.0 = Release|Any CPU
	EndGlobalSection
	GlobalSection(SolutionProperties) = preSolution
		HideSolutionNode = FALSE
	EndGlobalSection
	GlobalSection(ExtensibilityGlobals) = postSolution
		SolutionGuid = {67022450-D170-4677-967F-13C12F502DAA}
	EndGlobalSection
EndGlobal
